// !$*UTF8*$!
{
	archiveVersion = 1;
	classes = {
	};
	objectVersion = 46;
	objects = {

/* Begin PBXBuildFile section */
		27B5551E1F259ADA00A8D200 /* AppDelegate.swift in Sources */ = {isa = PBXBuildFile; fileRef = 27B5551D1F259ADA00A8D200 /* AppDelegate.swift */; };
		27B555201F259ADA00A8D200 /* ViewController.swift in Sources */ = {isa = PBXBuildFile; fileRef = 27B5551F1F259ADA00A8D200 /* ViewController.swift */; };
		27B555231F259ADA00A8D200 /* Main.storyboard in Resources */ = {isa = PBXBuildFile; fileRef = 27B555211F259ADA00A8D200 /* Main.storyboard */; };
		27B555251F259ADA00A8D200 /* Assets.xcassets in Resources */ = {isa = PBXBuildFile; fileRef = 27B555241F259ADA00A8D200 /* Assets.xcassets */; };
		27B555281F259ADA00A8D200 /* LaunchScreen.storyboard in Resources */ = {isa = PBXBuildFile; fileRef = 27B555261F259ADA00A8D200 /* LaunchScreen.storyboard */; };
		27B555661F25BB8400A8D200 /* Alamofire.framework in Frameworks */ = {isa = PBXBuildFile; fileRef = 27B5553B1F25A5EE00A8D200 /* Alamofire.framework */; };
		27B555671F25BB8400A8D200 /* Alamofire.framework in Embed Frameworks */ = {isa = PBXBuildFile; fileRef = 27B5553B1F25A5EE00A8D200 /* Alamofire.framework */; settings = {ATTRIBUTES = (CodeSignOnCopy, RemoveHeadersOnCopy, ); }; };
		DD043CFB1F2ED7D300D9387B /* httpbin.org.json.swift in Sources */ = {isa = PBXBuildFile; fileRef = DD043CFA1F2ED7D300D9387B /* httpbin.org.json.swift */; };
		DD043D081F2F073400D9387B /* api.github.com.json.swift in Sources */ = {isa = PBXBuildFile; fileRef = DD043D071F2F073400D9387B /* api.github.com.json.swift */; };
		DDEFD2001F380D8B0063E360 /* Gloss.framework in Frameworks */ = {isa = PBXBuildFile; fileRef = DDEFD1F71F380B520063E360 /* Gloss.framework */; };
		DDEFD2011F380D8B0063E360 /* Gloss.framework in Embed Frameworks */ = {isa = PBXBuildFile; fileRef = DDEFD1F71F380B520063E360 /* Gloss.framework */; settings = {ATTRIBUTES = (CodeSignOnCopy, RemoveHeadersOnCopy, ); }; };
/* End PBXBuildFile section */

/* Begin PBXContainerItemProxy section */
		27B5553A1F25A5EE00A8D200 /* PBXContainerItemProxy */ = {
			isa = PBXContainerItemProxy;
			containerPortal = 27B5552F1F25A5EE00A8D200 /* Alamofire.xcodeproj */;
			proxyType = 2;
			remoteGlobalIDString = F8111E3319A95C8B0040E7D1;
			remoteInfo = "Alamofire iOS";
		};
		27B5553C1F25A5EE00A8D200 /* PBXContainerItemProxy */ = {
			isa = PBXContainerItemProxy;
			containerPortal = 27B5552F1F25A5EE00A8D200 /* Alamofire.xcodeproj */;
			proxyType = 2;
			remoteGlobalIDString = F8111E3E19A95C8B0040E7D1;
			remoteInfo = "Alamofire iOS Tests";
		};
		27B5553E1F25A5EE00A8D200 /* PBXContainerItemProxy */ = {
			isa = PBXContainerItemProxy;
			containerPortal = 27B5552F1F25A5EE00A8D200 /* Alamofire.xcodeproj */;
			proxyType = 2;
			remoteGlobalIDString = 4DD67C0B1A5C55C900ED2280;
			remoteInfo = "Alamofire macOS";
		};
		27B555401F25A5EE00A8D200 /* PBXContainerItemProxy */ = {
			isa = PBXContainerItemProxy;
			containerPortal = 27B5552F1F25A5EE00A8D200 /* Alamofire.xcodeproj */;
			proxyType = 2;
			remoteGlobalIDString = F829C6B21A7A94F100A2CD59;
			remoteInfo = "Alamofire macOS Tests";
		};
		27B555421F25A5EE00A8D200 /* PBXContainerItemProxy */ = {
			isa = PBXContainerItemProxy;
			containerPortal = 27B5552F1F25A5EE00A8D200 /* Alamofire.xcodeproj */;
			proxyType = 2;
			remoteGlobalIDString = 4CF626EF1BA7CB3E0011A099;
			remoteInfo = "Alamofire tvOS";
		};
		27B555441F25A5EE00A8D200 /* PBXContainerItemProxy */ = {
			isa = PBXContainerItemProxy;
			containerPortal = 27B5552F1F25A5EE00A8D200 /* Alamofire.xcodeproj */;
			proxyType = 2;
			remoteGlobalIDString = 4CF626F81BA7CB3E0011A099;
			remoteInfo = "Alamofire tvOS Tests";
		};
		27B555461F25A5EE00A8D200 /* PBXContainerItemProxy */ = {
			isa = PBXContainerItemProxy;
			containerPortal = 27B5552F1F25A5EE00A8D200 /* Alamofire.xcodeproj */;
			proxyType = 2;
			remoteGlobalIDString = E4202FE01B667AA100C997FB;
			remoteInfo = "Alamofire watchOS";
		};
		27B555681F25BB8400A8D200 /* PBXContainerItemProxy */ = {
			isa = PBXContainerItemProxy;
			containerPortal = 27B5552F1F25A5EE00A8D200 /* Alamofire.xcodeproj */;
			proxyType = 1;
			remoteGlobalIDString = F8111E3219A95C8B0040E7D1;
			remoteInfo = "Alamofire iOS";
		};
		DDEFD1F61F380B520063E360 /* PBXContainerItemProxy */ = {
			isa = PBXContainerItemProxy;
			containerPortal = DDEFD1E71F380B520063E360 /* Gloss.xcodeproj */;
			proxyType = 2;
			remoteGlobalIDString = DC39BF611B8A7AD200088CE0;
			remoteInfo = Gloss;
		};
		DDEFD1F81F380B520063E360 /* PBXContainerItemProxy */ = {
			isa = PBXContainerItemProxy;
			containerPortal = DDEFD1E71F380B520063E360 /* Gloss.xcodeproj */;
			proxyType = 2;
			remoteGlobalIDString = DCF3008A1BDCA3FF003FBF15;
			remoteInfo = "Gloss MacOS";
		};
		DDEFD1FA1F380B520063E360 /* PBXContainerItemProxy */ = {
			isa = PBXContainerItemProxy;
			containerPortal = DDEFD1E71F380B520063E360 /* Gloss.xcodeproj */;
			proxyType = 2;
			remoteGlobalIDString = A04168E71C0DF69900269A6A;
			remoteInfo = "Gloss tvOS";
		};
		DDEFD1FC1F380B520063E360 /* PBXContainerItemProxy */ = {
			isa = PBXContainerItemProxy;
			containerPortal = DDEFD1E71F380B520063E360 /* Gloss.xcodeproj */;
			proxyType = 2;
			remoteGlobalIDString = DC683ADB1C2C615D0035EAC3;
			remoteInfo = "Gloss watchOS";
		};
		DDEFD1FE1F380B520063E360 /* PBXContainerItemProxy */ = {
			isa = PBXContainerItemProxy;
			containerPortal = DDEFD1E71F380B520063E360 /* Gloss.xcodeproj */;
			proxyType = 2;
			remoteGlobalIDString = 2FA4CE9A1C947E3000EB8AB8;
			remoteInfo = GlossTests;
		};
		DDEFD2021F380D8B0063E360 /* PBXContainerItemProxy */ = {
			isa = PBXContainerItemProxy;
			containerPortal = DDEFD1E71F380B520063E360 /* Gloss.xcodeproj */;
			proxyType = 1;
			remoteGlobalIDString = DC39BF601B8A7AD200088CE0;
			remoteInfo = Gloss;
		};
/* End PBXContainerItemProxy section */

/* Begin PBXCopyFilesBuildPhase section */
		27B5556A1F25BB8400A8D200 /* Embed Frameworks */ = {
			isa = PBXCopyFilesBuildPhase;
			buildActionMask = 2147483647;
			dstPath = "";
			dstSubfolderSpec = 10;
			files = (
				27B555671F25BB8400A8D200 /* Alamofire.framework in Embed Frameworks */,
				DDEFD2011F380D8B0063E360 /* Gloss.framework in Embed Frameworks */,
			);
			name = "Embed Frameworks";
			runOnlyForDeploymentPostprocessing = 0;
		};
/* End PBXCopyFilesBuildPhase section */

/* Begin PBXFileReference section */
		27B5551A1F259ADA00A8D200 /* CloudsAPP.app */ = {isa = PBXFileReference; explicitFileType = wrapper.application; includeInIndex = 0; path = CloudsAPP.app; sourceTree = BUILT_PRODUCTS_DIR; };
		27B5551D1F259ADA00A8D200 /* AppDelegate.swift */ = {isa = PBXFileReference; lastKnownFileType = sourcecode.swift; path = AppDelegate.swift; sourceTree = "<group>"; };
		27B5551F1F259ADA00A8D200 /* ViewController.swift */ = {isa = PBXFileReference; lastKnownFileType = sourcecode.swift; path = ViewController.swift; sourceTree = "<group>"; };
		27B555221F259ADA00A8D200 /* Base */ = {isa = PBXFileReference; lastKnownFileType = file.storyboard; name = Base; path = Base.lproj/Main.storyboard; sourceTree = "<group>"; };
		27B555241F259ADA00A8D200 /* Assets.xcassets */ = {isa = PBXFileReference; lastKnownFileType = folder.assetcatalog; path = Assets.xcassets; sourceTree = "<group>"; };
		27B555271F259ADA00A8D200 /* Base */ = {isa = PBXFileReference; lastKnownFileType = file.storyboard; name = Base; path = Base.lproj/LaunchScreen.storyboard; sourceTree = "<group>"; };
		27B555291F259ADA00A8D200 /* Info.plist */ = {isa = PBXFileReference; lastKnownFileType = text.plist.xml; path = Info.plist; sourceTree = "<group>"; };
		27B5552F1F25A5EE00A8D200 /* Alamofire.xcodeproj */ = {isa = PBXFileReference; lastKnownFileType = "wrapper.pb-project"; name = Alamofire.xcodeproj; path = Alamofire/Alamofire.xcodeproj; sourceTree = "<group>"; };
		DD043CFA1F2ED7D300D9387B /* httpbin.org.json.swift */ = {isa = PBXFileReference; fileEncoding = 4; lastKnownFileType = sourcecode.swift; path = httpbin.org.json.swift; sourceTree = "<group>"; };
		DD043D071F2F073400D9387B /* api.github.com.json.swift */ = {isa = PBXFileReference; fileEncoding = 4; lastKnownFileType = sourcecode.swift; path = api.github.com.json.swift; sourceTree = "<group>"; };
		DDEFD1E71F380B520063E360 /* Gloss.xcodeproj */ = {isa = PBXFileReference; lastKnownFileType = "wrapper.pb-project"; name = Gloss.xcodeproj; path = Gloss/Gloss.xcodeproj; sourceTree = "<group>"; };
/* End PBXFileReference section */

/* Begin PBXFrameworksBuildPhase section */
		27B555171F259ADA00A8D200 /* Frameworks */ = {
			isa = PBXFrameworksBuildPhase;
			buildActionMask = 2147483647;
			files = (
				27B555661F25BB8400A8D200 /* Alamofire.framework in Frameworks */,
				DDEFD2001F380D8B0063E360 /* Gloss.framework in Frameworks */,
			);
			runOnlyForDeploymentPostprocessing = 0;
		};
/* End PBXFrameworksBuildPhase section */

/* Begin PBXGroup section */
		27B555111F259ADA00A8D200 = {
			isa = PBXGroup;
			children = (
				DDEFD1E71F380B520063E360 /* Gloss.xcodeproj */,
				27B5552F1F25A5EE00A8D200 /* Alamofire.xcodeproj */,
				27B5551C1F259ADA00A8D200 /* CloudsAPP */,
				27B5551B1F259ADA00A8D200 /* Products */,
			);
			sourceTree = "<group>";
		};
		27B5551B1F259ADA00A8D200 /* Products */ = {
			isa = PBXGroup;
			children = (
				27B5551A1F259ADA00A8D200 /* CloudsAPP.app */,
			);
			name = Products;
			sourceTree = "<group>";
		};
		27B5551C1F259ADA00A8D200 /* CloudsAPP */ = {
			isa = PBXGroup;
			children = (
				27B5551D1F259ADA00A8D200 /* AppDelegate.swift */,
				27B5551F1F259ADA00A8D200 /* ViewController.swift */,
				27B555211F259ADA00A8D200 /* Main.storyboard */,
				27B555241F259ADA00A8D200 /* Assets.xcassets */,
				27B555261F259ADA00A8D200 /* LaunchScreen.storyboard */,
				27B555291F259ADA00A8D200 /* Info.plist */,
				DD043CFA1F2ED7D300D9387B /* httpbin.org.json.swift */,
				DD043D071F2F073400D9387B /* api.github.com.json.swift */,
			);
			path = CloudsAPP;
			sourceTree = "<group>";
		};
		27B555301F25A5EE00A8D200 /* Products */ = {
			isa = PBXGroup;
			children = (
				27B5553B1F25A5EE00A8D200 /* Alamofire.framework */,
				27B5553D1F25A5EE00A8D200 /* Alamofire iOS Tests.xctest */,
				27B5553F1F25A5EE00A8D200 /* Alamofire.framework */,
				27B555411F25A5EE00A8D200 /* Alamofire macOS Tests.xctest */,
				27B555431F25A5EE00A8D200 /* Alamofire.framework */,
				27B555451F25A5EE00A8D200 /* Alamofire tvOS Tests.xctest */,
				27B555471F25A5EE00A8D200 /* Alamofire.framework */,
			);
			name = Products;
			sourceTree = "<group>";
		};
		DDEFD1E81F380B520063E360 /* Products */ = {
			isa = PBXGroup;
			children = (
				DDEFD1F71F380B520063E360 /* Gloss.framework */,
				DDEFD1F91F380B520063E360 /* Gloss.framework */,
				DDEFD1FB1F380B520063E360 /* Gloss.framework */,
				DDEFD1FD1F380B520063E360 /* Gloss.framework */,
				DDEFD1FF1F380B520063E360 /* GlossTests.xctest */,
			);
			name = Products;
			sourceTree = "<group>";
		};
/* End PBXGroup section */

/* Begin PBXNativeTarget section */
		27B555191F259ADA00A8D200 /* CloudsAPP */ = {
			isa = PBXNativeTarget;
			buildConfigurationList = 27B5552C1F259ADA00A8D200 /* Build configuration list for PBXNativeTarget "CloudsAPP" */;
			buildPhases = (
				27B555161F259ADA00A8D200 /* Sources */,
				27B555171F259ADA00A8D200 /* Frameworks */,
				27B555181F259ADA00A8D200 /* Resources */,
				27B5556A1F25BB8400A8D200 /* Embed Frameworks */,
			);
			buildRules = (
			);
			dependencies = (
				27B555691F25BB8400A8D200 /* PBXTargetDependency */,
				DDEFD2031F380D8B0063E360 /* PBXTargetDependency */,
			);
			name = CloudsAPP;
			productName = CloudsAPP;
			productReference = 27B5551A1F259ADA00A8D200 /* CloudsAPP.app */;
			productType = "com.apple.product-type.application";
		};
/* End PBXNativeTarget section */

/* Begin PBXProject section */
		27B555121F259ADA00A8D200 /* Project object */ = {
			isa = PBXProject;
			attributes = {
				LastSwiftUpdateCheck = 0830;
				LastUpgradeCheck = 0830;
				ORGANIZATIONNAME = mike;
				TargetAttributes = {
					27B555191F259ADA00A8D200 = {
						CreatedOnToolsVersion = 8.3.3;
						ProvisioningStyle = Automatic;
					};
				};
			};
			buildConfigurationList = 27B555151F259ADA00A8D200 /* Build configuration list for PBXProject "CloudsAPP" */;
			compatibilityVersion = "Xcode 3.2";
			developmentRegion = English;
			hasScannedForEncodings = 0;
			knownRegions = (
				en,
				Base,
			);
			mainGroup = 27B555111F259ADA00A8D200;
			productRefGroup = 27B5551B1F259ADA00A8D200 /* Products */;
			projectDirPath = "";
			projectReferences = (
				{
					ProductGroup = 27B555301F25A5EE00A8D200 /* Products */;
					ProjectRef = 27B5552F1F25A5EE00A8D200 /* Alamofire.xcodeproj */;
				},
				{
					ProductGroup = DDEFD1E81F380B520063E360 /* Products */;
					ProjectRef = DDEFD1E71F380B520063E360 /* Gloss.xcodeproj */;
				},
			);
			projectRoot = "";
			targets = (
				27B555191F259ADA00A8D200 /* CloudsAPP */,
			);
		};
/* End PBXProject section */

/* Begin PBXReferenceProxy section */
		27B5553B1F25A5EE00A8D200 /* Alamofire.framework */ = {
			isa = PBXReferenceProxy;
			fileType = wrapper.framework;
			path = Alamofire.framework;
			remoteRef = 27B5553A1F25A5EE00A8D200 /* PBXContainerItemProxy */;
			sourceTree = BUILT_PRODUCTS_DIR;
		};
		27B5553D1F25A5EE00A8D200 /* Alamofire iOS Tests.xctest */ = {
			isa = PBXReferenceProxy;
			fileType = wrapper.cfbundle;
			path = "Alamofire iOS Tests.xctest";
			remoteRef = 27B5553C1F25A5EE00A8D200 /* PBXContainerItemProxy */;
			sourceTree = BUILT_PRODUCTS_DIR;
		};
		27B5553F1F25A5EE00A8D200 /* Alamofire.framework */ = {
			isa = PBXReferenceProxy;
			fileType = wrapper.framework;
			path = Alamofire.framework;
			remoteRef = 27B5553E1F25A5EE00A8D200 /* PBXContainerItemProxy */;
			sourceTree = BUILT_PRODUCTS_DIR;
		};
		27B555411F25A5EE00A8D200 /* Alamofire macOS Tests.xctest */ = {
			isa = PBXReferenceProxy;
			fileType = wrapper.cfbundle;
			path = "Alamofire macOS Tests.xctest";
			remoteRef = 27B555401F25A5EE00A8D200 /* PBXContainerItemProxy */;
			sourceTree = BUILT_PRODUCTS_DIR;
		};
		27B555431F25A5EE00A8D200 /* Alamofire.framework */ = {
			isa = PBXReferenceProxy;
			fileType = wrapper.framework;
			path = Alamofire.framework;
			remoteRef = 27B555421F25A5EE00A8D200 /* PBXContainerItemProxy */;
			sourceTree = BUILT_PRODUCTS_DIR;
		};
		27B555451F25A5EE00A8D200 /* Alamofire tvOS Tests.xctest */ = {
			isa = PBXReferenceProxy;
			fileType = wrapper.cfbundle;
			path = "Alamofire tvOS Tests.xctest";
			remoteRef = 27B555441F25A5EE00A8D200 /* PBXContainerItemProxy */;
			sourceTree = BUILT_PRODUCTS_DIR;
		};
		27B555471F25A5EE00A8D200 /* Alamofire.framework */ = {
			isa = PBXReferenceProxy;
			fileType = wrapper.framework;
			path = Alamofire.framework;
			remoteRef = 27B555461F25A5EE00A8D200 /* PBXContainerItemProxy */;
			sourceTree = BUILT_PRODUCTS_DIR;
		};
		DDEFD1F71F380B520063E360 /* Gloss.framework */ = {
			isa = PBXReferenceProxy;
			fileType = wrapper.framework;
			path = Gloss.framework;
			remoteRef = DDEFD1F61F380B520063E360 /* PBXContainerItemProxy */;
			sourceTree = BUILT_PRODUCTS_DIR;
		};
		DDEFD1F91F380B520063E360 /* Gloss.framework */ = {
			isa = PBXReferenceProxy;
			fileType = wrapper.framework;
			path = Gloss.framework;
			remoteRef = DDEFD1F81F380B520063E360 /* PBXContainerItemProxy */;
			sourceTree = BUILT_PRODUCTS_DIR;
		};
		DDEFD1FB1F380B520063E360 /* Gloss.framework */ = {
			isa = PBXReferenceProxy;
			fileType = wrapper.framework;
			path = Gloss.framework;
			remoteRef = DDEFD1FA1F380B520063E360 /* PBXContainerItemProxy */;
			sourceTree = BUILT_PRODUCTS_DIR;
		};
		DDEFD1FD1F380B520063E360 /* Gloss.framework */ = {
			isa = PBXReferenceProxy;
			fileType = wrapper.framework;
			path = Gloss.framework;
			remoteRef = DDEFD1FC1F380B520063E360 /* PBXContainerItemProxy */;
			sourceTree = BUILT_PRODUCTS_DIR;
		};
		DDEFD1FF1F380B520063E360 /* GlossTests.xctest */ = {
			isa = PBXReferenceProxy;
			fileType = wrapper.cfbundle;
			path = GlossTests.xctest;
			remoteRef = DDEFD1FE1F380B520063E360 /* PBXContainerItemProxy */;
			sourceTree = BUILT_PRODUCTS_DIR;
		};
/* End PBXReferenceProxy section */

/* Begin PBXResourcesBuildPhase section */
		27B555181F259ADA00A8D200 /* Resources */ = {
			isa = PBXResourcesBuildPhase;
			buildActionMask = 2147483647;
			files = (
				27B555281F259ADA00A8D200 /* LaunchScreen.storyboard in Resources */,
				27B555251F259ADA00A8D200 /* Assets.xcassets in Resources */,
				27B555231F259ADA00A8D200 /* Main.storyboard in Resources */,
			);
			runOnlyForDeploymentPostprocessing = 0;
		};
/* End PBXResourcesBuildPhase section */

/* Begin PBXSourcesBuildPhase section */
		27B555161F259ADA00A8D200 /* Sources */ = {
			isa = PBXSourcesBuildPhase;
			buildActionMask = 2147483647;
			files = (
				DD043D081F2F073400D9387B /* api.github.com.json.swift in Sources */,
				27B555201F259ADA00A8D200 /* ViewController.swift in Sources */,
				27B5551E1F259ADA00A8D200 /* AppDelegate.swift in Sources */,
				DD043CFB1F2ED7D300D9387B /* httpbin.org.json.swift in Sources */,
			);
			runOnlyForDeploymentPostprocessing = 0;
		};
/* End PBXSourcesBuildPhase section */

/* Begin PBXTargetDependency section */
		27B555691F25BB8400A8D200 /* PBXTargetDependency */ = {
			isa = PBXTargetDependency;
			name = "Alamofire iOS";
			targetProxy = 27B555681F25BB8400A8D200 /* PBXContainerItemProxy */;
		};
		DDEFD2031F380D8B0063E360 /* PBXTargetDependency */ = {
			isa = PBXTargetDependency;
			name = Gloss;
			targetProxy = DDEFD2021F380D8B0063E360 /* PBXContainerItemProxy */;
		};
/* End PBXTargetDependency section */

/* Begin PBXVariantGroup section */
		27B555211F259ADA00A8D200 /* Main.storyboard */ = {
			isa = PBXVariantGroup;
			children = (
				27B555221F259ADA00A8D200 /* Base */,
			);
			name = Main.storyboard;
			sourceTree = "<group>";
		};
		27B555261F259ADA00A8D200 /* LaunchScreen.storyboard */ = {
			isa = PBXVariantGroup;
			children = (
				27B555271F259ADA00A8D200 /* Base */,
			);
			name = LaunchScreen.storyboard;
			sourceTree = "<group>";
		};
/* End PBXVariantGroup section */

/* Begin XCBuildConfiguration section */
		27B5552A1F259ADA00A8D200 /* Debug */ = {
			isa = XCBuildConfiguration;
			buildSettings = {
				ALWAYS_SEARCH_USER_PATHS = NO;
				CLANG_ANALYZER_NONNULL = YES;
				CLANG_ANALYZER_NUMBER_OBJECT_CONVERSION = YES_AGGRESSIVE;
				CLANG_CXX_LANGUAGE_STANDARD = "gnu++0x";
				CLANG_CXX_LIBRARY = "libc++";
				CLANG_ENABLE_MODULES = YES;
				CLANG_ENABLE_OBJC_ARC = YES;
				CLANG_WARN_BOOL_CONVERSION = YES;
				CLANG_WARN_CONSTANT_CONVERSION = YES;
				CLANG_WARN_DIRECT_OBJC_ISA_USAGE = YES_ERROR;
				CLANG_WARN_DOCUMENTATION_COMMENTS = YES;
				CLANG_WARN_EMPTY_BODY = YES;
				CLANG_WARN_ENUM_CONVERSION = YES;
				CLANG_WARN_INFINITE_RECURSION = YES;
				CLANG_WARN_INT_CONVERSION = YES;
				CLANG_WARN_OBJC_ROOT_CLASS = YES_ERROR;
				CLANG_WARN_SUSPICIOUS_MOVE = YES;
				CLANG_WARN_UNREACHABLE_CODE = YES;
				CLANG_WARN__DUPLICATE_METHOD_MATCH = YES;
				"CODE_SIGN_IDENTITY[sdk=iphoneos*]" = "iPhone Developer";
				COPY_PHASE_STRIP = NO;
				DEBUG_INFORMATION_FORMAT = dwarf;
				ENABLE_STRICT_OBJC_MSGSEND = YES;
				ENABLE_TESTABILITY = YES;
				GCC_C_LANGUAGE_STANDARD = gnu99;
				GCC_DYNAMIC_NO_PIC = NO;
				GCC_NO_COMMON_BLOCKS = YES;
				GCC_OPTIMIZATION_LEVEL = 0;
				GCC_PREPROCESSOR_DEFINITIONS = (
					"DEBUG=1",
					"$(inherited)",
				);
				GCC_WARN_64_TO_32_BIT_CONVERSION = YES;
				GCC_WARN_ABOUT_RETURN_TYPE = YES_ERROR;
				GCC_WARN_UNDECLARED_SELECTOR = YES;
				GCC_WARN_UNINITIALIZED_AUTOS = YES_AGGRESSIVE;
				GCC_WARN_UNUSED_FUNCTION = YES;
				GCC_WARN_UNUSED_VARIABLE = YES;
				IPHONEOS_DEPLOYMENT_TARGET = 10.3;
				MTL_ENABLE_DEBUG_INFO = YES;
				ONLY_ACTIVE_ARCH = YES;
				SDKROOT = iphoneos;
				SWIFT_ACTIVE_COMPILATION_CONDITIONS = DEBUG;
				SWIFT_OPTIMIZATION_LEVEL = "-Onone";
				TARGETED_DEVICE_FAMILY = "1,2";
			};
			name = Debug;
		};
		27B5552B1F259ADA00A8D200 /* Release */ = {
			isa = XCBuildConfiguration;
			buildSettings = {
				ALWAYS_SEARCH_USER_PATHS = NO;
				CLANG_ANALYZER_NONNULL = YES;
				CLANG_ANALYZER_NUMBER_OBJECT_CONVERSION = YES_AGGRESSIVE;
				CLANG_CXX_LANGUAGE_STANDARD = "gnu++0x";
				CLANG_CXX_LIBRARY = "libc++";
				CLANG_ENABLE_MODULES = YES;
				CLANG_ENABLE_OBJC_ARC = YES;
				CLANG_WARN_BOOL_CONVERSION = YES;
				CLANG_WARN_CONSTANT_CONVERSION = YES;
				CLANG_WARN_DIRECT_OBJC_ISA_USAGE = YES_ERROR;
				CLANG_WARN_DOCUMENTATION_COMMENTS = YES;
				CLANG_WARN_EMPTY_BODY = YES;
				CLANG_WARN_ENUM_CONVERSION = YES;
				CLANG_WARN_INFINITE_RECURSION = YES;
				CLANG_WARN_INT_CONVERSION = YES;
				CLANG_WARN_OBJC_ROOT_CLASS = YES_ERROR;
				CLANG_WARN_SUSPICIOUS_MOVE = YES;
				CLANG_WARN_UNREACHABLE_CODE = YES;
				CLANG_WARN__DUPLICATE_METHOD_MATCH = YES;
				"CODE_SIGN_IDENTITY[sdk=iphoneos*]" = "iPhone Developer";
				COPY_PHASE_STRIP = NO;
				DEBUG_INFORMATION_FORMAT = "dwarf-with-dsym";
				ENABLE_NS_ASSERTIONS = NO;
				ENABLE_STRICT_OBJC_MSGSEND = YES;
				GCC_C_LANGUAGE_STANDARD = gnu99;
				GCC_NO_COMMON_BLOCKS = YES;
				GCC_WARN_64_TO_32_BIT_CONVERSION = YES;
				GCC_WARN_ABOUT_RETURN_TYPE = YES_ERROR;
				GCC_WARN_UNDECLARED_SELECTOR = YES;
				GCC_WARN_UNINITIALIZED_AUTOS = YES_AGGRESSIVE;
				GCC_WARN_UNUSED_FUNCTION = YES;
				GCC_WARN_UNUSED_VARIABLE = YES;
				IPHONEOS_DEPLOYMENT_TARGET = 10.3;
				MTL_ENABLE_DEBUG_INFO = NO;
				SDKROOT = iphoneos;
				SWIFT_OPTIMIZATION_LEVEL = "-Owholemodule";
				TARGETED_DEVICE_FAMILY = "1,2";
				VALIDATE_PRODUCT = YES;
			};
			name = Release;
		};
		27B5552D1F259ADA00A8D200 /* Debug */ = {
			isa = XCBuildConfiguration;
			buildSettings = {
				ALWAYS_EMBED_SWIFT_STANDARD_LIBRARIES = YES;
				ASSETCATALOG_COMPILER_APPICON_NAME = AppIcon;
				DEVELOPMENT_TEAM = "";
				INFOPLIST_FILE = CloudsAPP/Info.plist;
				LD_RUNPATH_SEARCH_PATHS = "$(inherited) @executable_path/Frameworks";
				PRODUCT_BUNDLE_IDENTIFIER = com.example.CloudsAPP;
				PRODUCT_NAME = "$(TARGET_NAME)";
				SWIFT_VERSION = 3.0;
			};
			name = Debug;
		};
		27B5552E1F259ADA00A8D200 /* Release */ = {
			isa = XCBuildConfiguration;
			buildSettings = {
				ALWAYS_EMBED_SWIFT_STANDARD_LIBRARIES = YES;
				ASSETCATALOG_COMPILER_APPICON_NAME = AppIcon;
				DEVELOPMENT_TEAM = "";
				INFOPLIST_FILE = CloudsAPP/Info.plist;
				LD_RUNPATH_SEARCH_PATHS = "$(inherited) @executable_path/Frameworks";
				PRODUCT_BUNDLE_IDENTIFIER = com.example.CloudsAPP;
				PRODUCT_NAME = "$(TARGET_NAME)";
				SWIFT_VERSION = 3.0;
			};
			name = Release;
		};
/* End XCBuildConfiguration section */

/* Begin XCConfigurationList section */
		27B555151F259ADA00A8D200 /* Build configuration list for PBXProject "CloudsAPP" */ = {
			isa = XCConfigurationList;
			buildConfigurations = (
				27B5552A1F259ADA00A8D200 /* Debug */,
				27B5552B1F259ADA00A8D200 /* Release */,
			);
			defaultConfigurationIsVisible = 0;
			defaultConfigurationName = Release;
		};
		27B5552C1F259ADA00A8D200 /* Build configuration list for PBXNativeTarget "CloudsAPP" */ = {
			isa = XCConfigurationList;
			buildConfigurations = (
				27B5552D1F259ADA00A8D200 /* Debug */,
				27B5552E1F259ADA00A8D200 /* Release */,
			);
			defaultConfigurationIsVisible = 0;
			defaultConfigurationName = Release;
		};
/* End XCConfigurationList section */
	};
	rootObject = 27B555121F259ADA00A8D200 /* Project object */;
}
